
Microsoft Visual Studio Solution File, Format Version 12.00
# Visual Studio Version 17
VisualStudioVersion = 17.4.33213.308
MinimumVisualStudioVersion = 10.0.40219.1
Project("{FAE04EC0-301F-11D3-BF4B-00C04F79EFBC}") = "ClassWork_06", "ClassWork_06\ClassWork_06.csproj", "{17E39090-C848-47F5-AA99-6A9CB8B03AE6}"
EndProject
Project("{FAE04EC0-301F-11D3-BF4B-00C04F79EFBC}") = "SampleSemaphore", "SampleSemaphore\SampleSemaphore.csproj", "{83EB5FB5-8D39-4854-9A62-C4736EEB527B}"
EndProject
Global
	GlobalSection(SolutionConfigurationPlatforms) = preSolution
		Debug|Any CPU = Debug|Any CPU
		Release|Any CPU = Release|Any CPU
	EndGlobalSection
	GlobalSection(ProjectConfigurationPlatforms) = postSolution
		{17E39090-C848-47F5-AA99-6A9CB8B03AE6}.Debug|Any CPU.ActiveCfg = Debug|Any CPU
		{17E39090-C848-47F5-AA99-6A9CB8B03AE6}.Debug|Any CPU.Build.0 = Debug|Any CPU
		{17E39090-C848-47F5-AA99-6A9CB8B03AE6}.Release|Any CPU.ActiveCfg = Release|Any CPU
		{17E39090-C848-47F5-AA99-6A9CB8B03AE6}.Release|Any CPU.Build.0 = Release|Any CPU
		{83EB5FB5-8D39-4854-9A62-C4736EEB527B}.Debug|Any CPU.ActiveCfg = Debug|Any CPU
		{83EB5FB5-8D39-4854-9A62-C4736EEB527B}.Debug|Any CPU.Build.0 = Debug|Any CPU
		{83EB5FB5-8D39-4854-9A62-C4736EEB527B}.Release|Any CPU.ActiveCfg = Release|Any CPU
		{83EB5FB5-8D39-4854-9A62-C4736EEB527B}.Release|Any CPU.Build.0 = Release|Any CPU
	EndGlobalSection
	GlobalSection(SolutionProperties) = preSolution
		HideSolutionNode = FALSE
	EndGlobalSection
	GlobalSection(ExtensibilityGlobals) = postSolution
		SolutionGuid = {50AC2490-99B8-4E74-8378-126F7C86CCC8}
	EndGlobalSection
EndGlobal
